
Microsoft Visual Studio Solution File, Format Version 12.00
# Visual Studio Version 17
VisualStudioVersion = 17.0.31919.166
MinimumVisualStudioVersion = 10.0.40219.1
Project("{8BC9CEB8-8B4A-11D0-8D11-00A0C91BC942}") = "draw_candle", "draw_candle.vcxproj", "{64C51608-3CC2-48B7-938F-6F3814EAA453}"
EndProject
Global
	GlobalSection(SolutionConfigurationPlatforms) = preSolution
		Debug|x64 = Debug|x64
		Debug|x86 = Debug|x86
		Release|x64 = Release|x64
		Release|x86 = Release|x86
	EndGlobalSection
	GlobalSection(ProjectConfigurationPlatforms) = postSolution
		{64C51608-3CC2-48B7-938F-6F3814EAA453}.Debug|x64.ActiveCfg = Debug|x64
		{64C51608-3CC2-48B7-938F-6F3814EAA453}.Debug|x64.Build.0 = Debug|x64
		{64C51608-3CC2-48B7-938F-6F3814EAA453}.Debug|x86.ActiveCfg = Debug|Win32
		{64C51608-3CC2-48B7-938F-6F3814EAA453}.Debug|x86.Build.0 = Debug|Win32
		{64C51608-3CC2-48B7-938F-6F3814EAA453}.Release|x64.ActiveCfg = Release|x64
		{64C51608-3CC2-48B7-938F-6F3814EAA453}.Release|x64.Build.0 = Release|x64
		{64C51608-3CC2-48B7-938F-6F3814EAA453}.Release|x86.ActiveCfg = Release|Win32
		{64C51608-3CC2-48B7-938F-6F3814EAA453}.Release|x86.Build.0 = Release|Win32
	EndGlobalSection
	GlobalSection(SolutionProperties) = preSolution
		HideSolutionNode = FALSE
	EndGlobalSection
	GlobalSection(ExtensibilityGlobals) = postSolution
		SolutionGuid = {7B2F7EF2-5490-4F04-8298-B818712EC2D2}
	EndGlobalSection
EndGlobal
